{
  "name": "agent-flow-kit",
  "version": "0.2.8",
  "lockfileVersion": 3,
  "requires": true,
  "packages": {
    "": {
      "name": "agent-flow-kit",
      "version": "0.2.8",
      "license": "MIT",
      "bin": {
        "agent-flow-install": "bin/agent-flow-install.mjs",
        "agent-flow-kit": "bin/agent-flow-kit.mjs"
      }
    }
  }
}
